// !$*UTF8*$!
{
	archiveVersion = 1;
	classes = {
	};
	objectVersion = 50;
	objects = {

/* Begin PBXBuildFile section */
		742FE5082630B6EB00096A48 /* AppDelegate.swift in Sources */ = {isa = PBXBuildFile; fileRef = 742FE5072630B6EB00096A48 /* AppDelegate.swift */; };
		742FE50A2630B6EB00096A48 /* SceneDelegate.swift in Sources */ = {isa = PBXBuildFile; fileRef = 742FE5092630B6EB00096A48 /* SceneDelegate.swift */; };
		742FE50F2630B6EB00096A48 /* Main.storyboard in Resources */ = {isa = PBXBuildFile; fileRef = 742FE50D2630B6EB00096A48 /* Main.storyboard */; };
		742FE5112630B6EC00096A48 /* Assets.xcassets in Resources */ = {isa = PBXBuildFile; fileRef = 742FE5102630B6EC00096A48 /* Assets.xcassets */; };
		742FE5142630B6EC00096A48 /* LaunchScreen.storyboard in Resources */ = {isa = PBXBuildFile; fileRef = 742FE5122630B6EC00096A48 /* LaunchScreen.storyboard */; };
		742FE5282630B8FD00096A48 /* TaskListTableViewController.swift in Sources */ = {isa = PBXBuildFile; fileRef = 742FE5272630B8FD00096A48 /* TaskListTableViewController.swift */; };
		742FE52B2630BD2800096A48 /* TaskDetailViewController.swift in Sources */ = {isa = PBXBuildFile; fileRef = 742FE52A2630BD2800096A48 /* TaskDetailViewController.swift */; };
		742FE52E2630C33100096A48 /* Task.swift in Sources */ = {isa = PBXBuildFile; fileRef = 742FE52D2630C33100096A48 /* Task.swift */; };
		742FE5312630C7C600096A48 /* TaskController.swift in Sources */ = {isa = PBXBuildFile; fileRef = 742FE5302630C7C600096A48 /* TaskController.swift */; };
		742FE53426310AD300096A48 /* TaskTableViewCell.swift in Sources */ = {isa = PBXBuildFile; fileRef = 742FE53326310AD300096A48 /* TaskTableViewCell.swift */; };
/* End PBXBuildFile section */

/* Begin PBXFileReference section */
		742FE5042630B6EB00096A48 /* TaskApp.app */ = {isa = PBXFileReference; explicitFileType = wrapper.application; includeInIndex = 0; path = TaskApp.app; sourceTree = BUILT_PRODUCTS_DIR; };
		742FE5072630B6EB00096A48 /* AppDelegate.swift */ = {isa = PBXFileReference; lastKnownFileType = sourcecode.swift; path = AppDelegate.swift; sourceTree = "<group>"; };
		742FE5092630B6EB00096A48 /* SceneDelegate.swift */ = {isa = PBXFileReference; lastKnownFileType = sourcecode.swift; path = SceneDelegate.swift; sourceTree = "<group>"; };
		742FE50E2630B6EB00096A48 /* Base */ = {isa = PBXFileReference; lastKnownFileType = file.storyboard; name = Base; path = Base.lproj/Main.storyboard; sourceTree = "<group>"; };
		742FE5102630B6EC00096A48 /* Assets.xcassets */ = {isa = PBXFileReference; lastKnownFileType = folder.assetcatalog; path = Assets.xcassets; sourceTree = "<group>"; };
		742FE5132630B6EC00096A48 /* Base */ = {isa = PBXFileReference; lastKnownFileType = file.storyboard; name = Base; path = Base.lproj/LaunchScreen.storyboard; sourceTree = "<group>"; };
		742FE5152630B6EC00096A48 /* Info.plist */ = {isa = PBXFileReference; lastKnownFileType = text.plist.xml; path = Info.plist; sourceTree = "<group>"; };
		742FE5272630B8FD00096A48 /* TaskListTableViewController.swift */ = {isa = PBXFileReference; lastKnownFileType = sourcecode.swift; path = TaskListTableViewController.swift; sourceTree = "<group>"; };
		742FE52A2630BD2800096A48 /* TaskDetailViewController.swift */ = {isa = PBXFileReference; lastKnownFileType = sourcecode.swift; path = TaskDetailViewController.swift; sourceTree = "<group>"; };
		742FE52D2630C33100096A48 /* Task.swift */ = {isa = PBXFileReference; lastKnownFileType = sourcecode.swift; path = Task.swift; sourceTree = "<group>"; };
		742FE5302630C7C600096A48 /* TaskController.swift */ = {isa = PBXFileReference; lastKnownFileType = sourcecode.swift; path = TaskController.swift; sourceTree = "<group>"; };
		742FE53326310AD300096A48 /* TaskTableViewCell.swift */ = {isa = PBXFileReference; lastKnownFileType = sourcecode.swift; path = TaskTableViewCell.swift; sourceTree = "<group>"; };
/* End PBXFileReference section */

/* Begin PBXFrameworksBuildPhase section */
		742FE5012630B6EB00096A48 /* Frameworks */ = {
			isa = PBXFrameworksBuildPhase;
			buildActionMask = 2147483647;
			files = (
			);
			runOnlyForDeploymentPostprocessing = 0;
		};
/* End PBXFrameworksBuildPhase section */

/* Begin PBXGroup section */
		742FE4FB2630B6EB00096A48 = {
			isa = PBXGroup;
			children = (
				742FE5062630B6EB00096A48 /* TaskApp */,
				742FE5052630B6EB00096A48 /* Products */,
			);
			sourceTree = "<group>";
		};
		742FE5052630B6EB00096A48 /* Products */ = {
			isa = PBXGroup;
			children = (
				742FE5042630B6EB00096A48 /* TaskApp.app */,
			);
			name = Products;
			sourceTree = "<group>";
		};
		742FE5062630B6EB00096A48 /* TaskApp */ = {
			isa = PBXGroup;
			children = (
				742FE5232630B7A700096A48 /* Controllers */,
				742FE5202630B77600096A48 /* Views */,
				742FE51F2630B76F00096A48 /* Model */,
				742FE51C2630B74800096A48 /* Resources */,
			);
			path = TaskApp;
			sourceTree = "<group>";
		};
		742FE51C2630B74800096A48 /* Resources */ = {
			isa = PBXGroup;
			children = (
				742FE5072630B6EB00096A48 /* AppDelegate.swift */,
				742FE5092630B6EB00096A48 /* SceneDelegate.swift */,
				742FE5102630B6EC00096A48 /* Assets.xcassets */,
				742FE5152630B6EC00096A48 /* Info.plist */,
			);
			path = Resources;
			sourceTree = "<group>";
		};
		742FE51F2630B76F00096A48 /* Model */ = {
			isa = PBXGroup;
			children = (
				742FE52D2630C33100096A48 /* Task.swift */,
			);
			path = Model;
			sourceTree = "<group>";
		};
		742FE5202630B77600096A48 /* Views */ = {
			isa = PBXGroup;
			children = (
				742FE5222630B79500096A48 /* Storyboards */,
				742FE5212630B78900096A48 /* CustomViews */,
			);
			path = Views;
			sourceTree = "<group>";
		};
		742FE5212630B78900096A48 /* CustomViews */ = {
			isa = PBXGroup;
			children = (
				742FE53326310AD300096A48 /* TaskTableViewCell.swift */,
			);
			path = CustomViews;
			sourceTree = "<group>";
		};
		742FE5222630B79500096A48 /* Storyboards */ = {
			isa = PBXGroup;
			children = (
				742FE50D2630B6EB00096A48 /* Main.storyboard */,
				742FE5122630B6EC00096A48 /* LaunchScreen.storyboard */,
			);
			path = Storyboards;
			sourceTree = "<group>";
		};
		742FE5232630B7A700096A48 /* Controllers */ = {
			isa = PBXGroup;
			children = (
				742FE5252630B7C400096A48 /* ViewControllers */,
				742FE5242630B7AF00096A48 /* ModelControllers */,
			);
			path = Controllers;
			sourceTree = "<group>";
		};
		742FE5242630B7AF00096A48 /* ModelControllers */ = {
			isa = PBXGroup;
			children = (
				742FE5302630C7C600096A48 /* TaskController.swift */,
			);
			path = ModelControllers;
			sourceTree = "<group>";
		};
		742FE5252630B7C400096A48 /* ViewControllers */ = {
			isa = PBXGroup;
			children = (
				742FE5272630B8FD00096A48 /* TaskListTableViewController.swift */,
				742FE52A2630BD2800096A48 /* TaskDetailViewController.swift */,
			);
			path = ViewControllers;
			sourceTree = "<group>";
		};
/* End PBXGroup section */

/* Begin PBXNativeTarget section */
		742FE5032630B6EB00096A48 /* TaskApp */ = {
			isa = PBXNativeTarget;
			buildConfigurationList = 742FE5182630B6EC00096A48 /* Build configuration list for PBXNativeTarget "TaskApp" */;
			buildPhases = (
				742FE5002630B6EB00096A48 /* Sources */,
				742FE5012630B6EB00096A48 /* Frameworks */,
				742FE5022630B6EB00096A48 /* Resources */,
			);
			buildRules = (
			);
			dependencies = (
			);
			name = TaskApp;
			productName = TaskApp;
			productReference = 742FE5042630B6EB00096A48 /* TaskApp.app */;
			productType = "com.apple.product-type.application";
		};
/* End PBXNativeTarget section */

/* Begin PBXProject section */
		742FE4FC2630B6EB00096A48 /* Project object */ = {
			isa = PBXProject;
			attributes = {
				LastSwiftUpdateCheck = 1240;
				LastUpgradeCheck = 1240;
				TargetAttributes = {
					742FE5032630B6EB00096A48 = {
						CreatedOnToolsVersion = 12.4;
					};
				};
			};
			buildConfigurationList = 742FE4FF2630B6EB00096A48 /* Build configuration list for PBXProject "TaskApp" */;
			compatibilityVersion = "Xcode 9.3";
			developmentRegion = en;
			hasScannedForEncodings = 0;
			knownRegions = (
				en,
				Base,
			);
			mainGroup = 742FE4FB2630B6EB00096A48;
			productRefGroup = 742FE5052630B6EB00096A48 /* Products */;
			projectDirPath = "";
			projectRoot = "";
			targets = (
				742FE5032630B6EB00096A48 /* TaskApp */,
			);
		};
/* End PBXProject section */

/* Begin PBXResourcesBuildPhase section */
		742FE5022630B6EB00096A48 /* Resources */ = {
			isa = PBXResourcesBuildPhase;
			buildActionMask = 2147483647;
			files = (
				742FE5142630B6EC00096A48 /* LaunchScreen.storyboard in Resources */,
				742FE5112630B6EC00096A48 /* Assets.xcassets in Resources */,
				742FE50F2630B6EB00096A48 /* Main.storyboard in Resources */,
			);
			runOnlyForDeploymentPostprocessing = 0;
		};
/* End PBXResourcesBuildPhase section */

/* Begin PBXSourcesBuildPhase section */
		742FE5002630B6EB00096A48 /* Sources */ = {
			isa = PBXSourcesBuildPhase;
			buildActionMask = 2147483647;
			files = (
				742FE53426310AD300096A48 /* TaskTableViewCell.swift in Sources */,
				742FE5282630B8FD00096A48 /* TaskListTableViewController.swift in Sources */,
				742FE5082630B6EB00096A48 /* AppDelegate.swift in Sources */,
				742FE52E2630C33100096A48 /* Task.swift in Sources */,
				742FE52B2630BD2800096A48 /* TaskDetailViewController.swift in Sources */,
				742FE5312630C7C600096A48 /* TaskController.swift in Sources */,
				742FE50A2630B6EB00096A48 /* SceneDelegate.swift in Sources */,
			);
			runOnlyForDeploymentPostprocessing = 0;
		};
/* End PBXSourcesBuildPhase section */

/* Begin PBXVariantGroup section */
		742FE50D2630B6EB00096A48 /* Main.storyboard */ = {
			isa = PBXVariantGroup;
			children = (
				742FE50E2630B6EB00096A48 /* Base */,
			);
			name = Main.storyboard;
			sourceTree = "<group>";
		};
		742FE5122630B6EC00096A48 /* LaunchScreen.storyboard */ = {
			isa = PBXVariantGroup;
			children = (
				742FE5132630B6EC00096A48 /* Base */,
			);
			name = LaunchScreen.storyboard;
			sourceTree = "<group>";
		};
/* End PBXVariantGroup section */

/* Begin XCBuildConfiguration section */
		742FE5162630B6EC00096A48 /* Debug */ = {
			isa = XCBuildConfiguration;
			buildSettings = {
				ALWAYS_SEARCH_USER_PATHS = NO;
				CLANG_ANALYZER_NONNULL = YES;
				CLANG_ANALYZER_NUMBER_OBJECT_CONVERSION = YES_AGGRESSIVE;
				CLANG_CXX_LANGUAGE_STANDARD = "gnu++14";
				CLANG_CXX_LIBRARY = "libc++";
				CLANG_ENABLE_MODULES = YES;
				CLANG_ENABLE_OBJC_ARC = YES;
				CLANG_ENABLE_OBJC_WEAK = YES;
				CLANG_WARN_BLOCK_CAPTURE_AUTORELEASING = YES;
				CLANG_WARN_BOOL_CONVERSION = YES;
				CLANG_WARN_COMMA = YES;
				CLANG_WARN_CONSTANT_CONVERSION = YES;
				CLANG_WARN_DEPRECATED_OBJC_IMPLEMENTATIONS = YES;
				CLANG_WARN_DIRECT_OBJC_ISA_USAGE = YES_ERROR;
				CLANG_WARN_DOCUMENTATION_COMMENTS = YES;
				CLANG_WARN_EMPTY_BODY = YES;
				CLANG_WARN_ENUM_CONVERSION = YES;
				CLANG_WARN_INFINITE_RECURSION = YES;
				CLANG_WARN_INT_CONVERSION = YES;
				CLANG_WARN_NON_LITERAL_NULL_CONVERSION = YES;
				CLANG_WARN_OBJC_IMPLICIT_RETAIN_SELF = YES;
				CLANG_WARN_OBJC_LITERAL_CONVERSION = YES;
				CLANG_WARN_OBJC_ROOT_CLASS = YES_ERROR;
				CLANG_WARN_QUOTED_INCLUDE_IN_FRAMEWORK_HEADER = YES;
				CLANG_WARN_RANGE_LOOP_ANALYSIS = YES;
				CLANG_WARN_STRICT_PROTOTYPES = YES;
				CLANG_WARN_SUSPICIOUS_MOVE = YES;
				CLANG_WARN_UNGUARDED_AVAILABILITY = YES_AGGRESSIVE;
				CLANG_WARN_UNREACHABLE_CODE = YES;
				CLANG_WARN__DUPLICATE_METHOD_MATCH = YES;
				COPY_PHASE_STRIP = NO;
				DEBUG_INFORMATION_FORMAT = dwarf;
				ENABLE_STRICT_OBJC_MSGSEND = YES;
				ENABLE_TESTABILITY = YES;
				GCC_C_LANGUAGE_STANDARD = gnu11;
				GCC_DYNAMIC_NO_PIC = NO;
				GCC_NO_COMMON_BLOCKS = YES;
				GCC_OPTIMIZATION_LEVEL = 0;
				GCC_PREPROCESSOR_DEFINITIONS = (
					"DEBUG=1",
					"$(inherited)",
				);
				GCC_WARN_64_TO_32_BIT_CONVERSION = YES;
				GCC_WARN_ABOUT_RETURN_TYPE = YES_ERROR;
				GCC_WARN_UNDECLARED_SELECTOR = YES;
				GCC_WARN_UNINITIALIZED_AUTOS = YES_AGGRESSIVE;
				GCC_WARN_UNUSED_FUNCTION = YES;
				GCC_WARN_UNUSED_VARIABLE = YES;
				IPHONEOS_DEPLOYMENT_TARGET = 14.4;
				MTL_ENABLE_DEBUG_INFO = INCLUDE_SOURCE;
				MTL_FAST_MATH = YES;
				ONLY_ACTIVE_ARCH = YES;
				SDKROOT = iphoneos;
				SWIFT_ACTIVE_COMPILATION_CONDITIONS = DEBUG;
				SWIFT_OPTIMIZATION_LEVEL = "-Onone";
			};
			name = Debug;
		};
		742FE5172630B6EC00096A48 /* Release */ = {
			isa = XCBuildConfiguration;
			buildSettings = {
				ALWAYS_SEARCH_USER_PATHS = NO;
				CLANG_ANALYZER_NONNULL = YES;
				CLANG_ANALYZER_NUMBER_OBJECT_CONVERSION = YES_AGGRESSIVE;
				CLANG_CXX_LANGUAGE_STANDARD = "gnu++14";
				CLANG_CXX_LIBRARY = "libc++";
				CLANG_ENABLE_MODULES = YES;
				CLANG_ENABLE_OBJC_ARC = YES;
				CLANG_ENABLE_OBJC_WEAK = YES;
				CLANG_WARN_BLOCK_CAPTURE_AUTORELEASING = YES;
				CLANG_WARN_BOOL_CONVERSION = YES;
				CLANG_WARN_COMMA = YES;
				CLANG_WARN_CONSTANT_CONVERSION = YES;
				CLANG_WARN_DEPRECATED_OBJC_IMPLEMENTATIONS = YES;
				CLANG_WARN_DIRECT_OBJC_ISA_USAGE = YES_ERROR;
				CLANG_WARN_DOCUMENTATION_COMMENTS = YES;
				CLANG_WARN_EMPTY_BODY = YES;
				CLANG_WARN_ENUM_CONVERSION = YES;
				CLANG_WARN_INFINITE_RECURSION = YES;
				CLANG_WARN_INT_CONVERSION = YES;
				CLANG_WARN_NON_LITERAL_NULL_CONVERSION = YES;
				CLANG_WARN_OBJC_IMPLICIT_RETAIN_SELF = YES;
				CLANG_WARN_OBJC_LITERAL_CONVERSION = YES;
				CLANG_WARN_OBJC_ROOT_CLASS = YES_ERROR;
				CLANG_WARN_QUOTED_INCLUDE_IN_FRAMEWORK_HEADER = YES;
				CLANG_WARN_RANGE_LOOP_ANALYSIS = YES;
				CLANG_WARN_STRICT_PROTOTYPES = YES;
				CLANG_WARN_SUSPICIOUS_MOVE = YES;
				CLANG_WARN_UNGUARDED_AVAILABILITY = YES_AGGRESSIVE;
				CLANG_WARN_UNREACHABLE_CODE = YES;
				CLANG_WARN__DUPLICATE_METHOD_MATCH = YES;
				COPY_PHASE_STRIP = NO;
				DEBUG_INFORMATION_FORMAT = "dwarf-with-dsym";
				ENABLE_NS_ASSERTIONS = NO;
				ENABLE_STRICT_OBJC_MSGSEND = YES;
				GCC_C_LANGUAGE_STANDARD = gnu11;
				GCC_NO_COMMON_BLOCKS = YES;
				GCC_WARN_64_TO_32_BIT_CONVERSION = YES;
				GCC_WARN_ABOUT_RETURN_TYPE = YES_ERROR;
				GCC_WARN_UNDECLARED_SELECTOR = YES;
				GCC_WARN_UNINITIALIZED_AUTOS = YES_AGGRESSIVE;
				GCC_WARN_UNUSED_FUNCTION = YES;
				GCC_WARN_UNUSED_VARIABLE = YES;
				IPHONEOS_DEPLOYMENT_TARGET = 14.4;
				MTL_ENABLE_DEBUG_INFO = NO;
				MTL_FAST_MATH = YES;
				SDKROOT = iphoneos;
				SWIFT_COMPILATION_MODE = wholemodule;
				SWIFT_OPTIMIZATION_LEVEL = "-O";
				VALIDATE_PRODUCT = YES;
			};
			name = Release;
		};
		742FE5192630B6EC00096A48 /* Debug */ = {
			isa = XCBuildConfiguration;
			buildSettings = {
				ASSETCATALOG_COMPILER_APPICON_NAME = AppIcon;
				ASSETCATALOG_COMPILER_GLOBAL_ACCENT_COLOR_NAME = AccentColor;
				CODE_SIGN_STYLE = Automatic;
				INFOPLIST_FILE = TaskApp/Resources/Info.plist;
				LD_RUNPATH_SEARCH_PATHS = (
					"$(inherited)",
					"@executable_path/Frameworks",
				);
				PRODUCT_BUNDLE_IDENTIFIER = com.TaskApp.TaskApp;
				PRODUCT_NAME = "$(TARGET_NAME)";
				SWIFT_VERSION = 5.0;
				TARGETED_DEVICE_FAMILY = "1,2";
			};
			name = Debug;
		};
		742FE51A2630B6EC00096A48 /* Release */ = {
			isa = XCBuildConfiguration;
			buildSettings = {
				ASSETCATALOG_COMPILER_APPICON_NAME = AppIcon;
				ASSETCATALOG_COMPILER_GLOBAL_ACCENT_COLOR_NAME = AccentColor;
				CODE_SIGN_STYLE = Automatic;
				INFOPLIST_FILE = TaskApp/Resources/Info.plist;
				LD_RUNPATH_SEARCH_PATHS = (
					"$(inherited)",
					"@executable_path/Frameworks",
				);
				PRODUCT_BUNDLE_IDENTIFIER = com.TaskApp.TaskApp;
				PRODUCT_NAME = "$(TARGET_NAME)";
				SWIFT_VERSION = 5.0;
				TARGETED_DEVICE_FAMILY = "1,2";
			};
			name = Release;
		};
/* End XCBuildConfiguration section */

/* Begin XCConfigurationList section */
		742FE4FF2630B6EB00096A48 /* Build configuration list for PBXProject "TaskApp" */ = {
			isa = XCConfigurationList;
			buildConfigurations = (
				742FE5162630B6EC00096A48 /* Debug */,
				742FE5172630B6EC00096A48 /* Release */,
			);
			defaultConfigurationIsVisible = 0;
			defaultConfigurationName = Release;
		};
		742FE5182630B6EC00096A48 /* Build configuration list for PBXNativeTarget "TaskApp" */ = {
			isa = XCConfigurationList;
			buildConfigurations = (
				742FE5192630B6EC00096A48 /* Debug */,
				742FE51A2630B6EC00096A48 /* Release */,
			);
			defaultConfigurationIsVisible = 0;
			defaultConfigurationName = Release;
		};
/* End XCConfigurationList section */
	};
	rootObject = 742FE4FC2630B6EB00096A48 /* Project object */;
}
